
Microsoft Visual Studio Solution File, Format Version 12.00
# Visual Studio Version 17
VisualStudioVersion = 17.14.36705.20
MinimumVisualStudioVersion = 10.0.40219.1
Project("{FAE04EC0-301F-11D3-BF4B-00C04F79EFBC}") = "Aual0", "Aual0\Aual0.csproj", "{053DBF8D-4E34-405B-9F91-2BBFE9A6E1A2}"
EndProject
Project("{FAE04EC0-301F-11D3-BF4B-00C04F79EFBC}") = "Aula01", "Aula01\Aula01.csproj", "{A123FE1B-1DF1-4E9D-82F6-628C43E2CAA7}"
EndProject
Project("{FAE04EC0-301F-11D3-BF4B-00C04F79EFBC}") = "Aula02", "Aula02\Aula02.csproj", "{8CD9C7AA-220A-4771-87EC-57526BAB5EA8}"
EndProject
Project("{FAE04EC0-301F-11D3-BF4B-00C04F79EFBC}") = "Aula03", "Aula03\Aula03.csproj", "{0E2D5EE7-AEEB-4D59-AC31-CE0966D242AD}"
EndProject
Project("{FAE04EC0-301F-11D3-BF4B-00C04F79EFBC}") = "Aula04", "Aula04\Aula04.csproj", "{6D53E069-ADAF-46F9-B5D3-C53FA523CDE4}"
EndProject
Project("{FAE04EC0-301F-11D3-BF4B-00C04F79EFBC}") = "Aula05", "Aula05\Aula05.csproj", "{C6E0260D-C5B4-4C66-8913-DD5989394881}"
EndProject
Project("{FAE04EC0-301F-11D3-BF4B-00C04F79EFBC}") = "Aula06", "Aula06\Aula06.csproj", "{2B366494-088B-4538-84B6-8FD4A20FECFE}"
EndProject
Project("{FAE04EC0-301F-11D3-BF4B-00C04F79EFBC}") = "Aula07", "Aula07\Aula07.csproj", "{95617FED-AF9C-4562-9D68-48C5DA9664C5}"
EndProject
Project("{FAE04EC0-301F-11D3-BF4B-00C04F79EFBC}") = "Aula08", "Aula08\Aula08.csproj", "{A17A57D7-8D38-4187-8FD6-7390DCC4510C}"
EndProject
Project("{FAE04EC0-301F-11D3-BF4B-00C04F79EFBC}") = "Aula09", "Aula09\Aula09.csproj", "{499712DD-4EFE-4A70-980C-0AECBF270221}"
EndProject
Project("{FAE04EC0-301F-11D3-BF4B-00C04F79EFBC}") = "Aula10", "Aula10\Aula10.csproj", "{9B2B7E07-1C27-4B9B-9E2D-FBA8D12925E9}"
EndProject
Project("{FAE04EC0-301F-11D3-BF4B-00C04F79EFBC}") = "Aula11", "Aula11\Aula11.csproj", "{B79A04A6-0EA7-4037-B450-DC0DD554C2A1}"
EndProject
Global
	GlobalSection(SolutionConfigurationPlatforms) = preSolution
		Debug|Any CPU = Debug|Any CPU
		Release|Any CPU = Release|Any CPU
	EndGlobalSection
	GlobalSection(ProjectConfigurationPlatforms) = postSolution
		{053DBF8D-4E34-405B-9F91-2BBFE9A6E1A2}.Debug|Any CPU.ActiveCfg = Debug|Any CPU
		{053DBF8D-4E34-405B-9F91-2BBFE9A6E1A2}.Debug|Any CPU.Build.0 = Debug|Any CPU
		{053DBF8D-4E34-405B-9F91-2BBFE9A6E1A2}.Release|Any CPU.ActiveCfg = Release|Any CPU
		{053DBF8D-4E34-405B-9F91-2BBFE9A6E1A2}.Release|Any CPU.Build.0 = Release|Any CPU
		{A123FE1B-1DF1-4E9D-82F6-628C43E2CAA7}.Debug|Any CPU.ActiveCfg = Debug|Any CPU
		{A123FE1B-1DF1-4E9D-82F6-628C43E2CAA7}.Debug|Any CPU.Build.0 = Debug|Any CPU
		{A123FE1B-1DF1-4E9D-82F6-628C43E2CAA7}.Release|Any CPU.ActiveCfg = Release|Any CPU
		{A123FE1B-1DF1-4E9D-82F6-628C43E2CAA7}.Release|Any CPU.Build.0 = Release|Any CPU
		{8CD9C7AA-220A-4771-87EC-57526BAB5EA8}.Debug|Any CPU.ActiveCfg = Debug|Any CPU
		{8CD9C7AA-220A-4771-87EC-57526BAB5EA8}.Debug|Any CPU.Build.0 = Debug|Any CPU
		{8CD9C7AA-220A-4771-87EC-57526BAB5EA8}.Release|Any CPU.ActiveCfg = Release|Any CPU
		{8CD9C7AA-220A-4771-87EC-57526BAB5EA8}.Release|Any CPU.Build.0 = Release|Any CPU
		{0E2D5EE7-AEEB-4D59-AC31-CE0966D242AD}.Debug|Any CPU.ActiveCfg = Debug|Any CPU
		{0E2D5EE7-AEEB-4D59-AC31-CE0966D242AD}.Debug|Any CPU.Build.0 = Debug|Any CPU
		{0E2D5EE7-AEEB-4D59-AC31-CE0966D242AD}.Release|Any CPU.ActiveCfg = Release|Any CPU
		{0E2D5EE7-AEEB-4D59-AC31-CE0966D242AD}.Release|Any CPU.Build.0 = Release|Any CPU
		{6D53E069-ADAF-46F9-B5D3-C53FA523CDE4}.Debug|Any CPU.ActiveCfg = Debug|Any CPU
		{6D53E069-ADAF-46F9-B5D3-C53FA523CDE4}.Debug|Any CPU.Build.0 = Debug|Any CPU
		{6D53E069-ADAF-46F9-B5D3-C53FA523CDE4}.Release|Any CPU.ActiveCfg = Release|Any CPU
		{6D53E069-ADAF-46F9-B5D3-C53FA523CDE4}.Release|Any CPU.Build.0 = Release|Any CPU
		{C6E0260D-C5B4-4C66-8913-DD5989394881}.Debug|Any CPU.ActiveCfg = Debug|Any CPU
		{C6E0260D-C5B4-4C66-8913-DD5989394881}.Debug|Any CPU.Build.0 = Debug|Any CPU
		{C6E0260D-C5B4-4C66-8913-DD5989394881}.Release|Any CPU.ActiveCfg = Release|Any CPU
		{C6E0260D-C5B4-4C66-8913-DD5989394881}.Release|Any CPU.Build.0 = Release|Any CPU
		{2B366494-088B-4538-84B6-8FD4A20FECFE}.Debug|Any CPU.ActiveCfg = Debug|Any CPU
		{2B366494-088B-4538-84B6-8FD4A20FECFE}.Debug|Any CPU.Build.0 = Debug|Any CPU
		{2B366494-088B-4538-84B6-8FD4A20FECFE}.Release|Any CPU.ActiveCfg = Release|Any CPU
		{2B366494-088B-4538-84B6-8FD4A20FECFE}.Release|Any CPU.Build.0 = Release|Any CPU
		{95617FED-AF9C-4562-9D68-48C5DA9664C5}.Debug|Any CPU.ActiveCfg = Debug|Any CPU
		{95617FED-AF9C-4562-9D68-48C5DA9664C5}.Debug|Any CPU.Build.0 = Debug|Any CPU
		{95617FED-AF9C-4562-9D68-48C5DA9664C5}.Release|Any CPU.ActiveCfg = Release|Any CPU
		{95617FED-AF9C-4562-9D68-48C5DA9664C5}.Release|Any CPU.Build.0 = Release|Any CPU
		{A17A57D7-8D38-4187-8FD6-7390DCC4510C}.Debug|Any CPU.ActiveCfg = Debug|Any CPU
		{A17A57D7-8D38-4187-8FD6-7390DCC4510C}.Debug|Any CPU.Build.0 = Debug|Any CPU
		{A17A57D7-8D38-4187-8FD6-7390DCC4510C}.Release|Any CPU.ActiveCfg = Release|Any CPU
		{A17A57D7-8D38-4187-8FD6-7390DCC4510C}.Release|Any CPU.Build.0 = Release|Any CPU
		{499712DD-4EFE-4A70-980C-0AECBF270221}.Debug|Any CPU.ActiveCfg = Debug|Any CPU
		{499712DD-4EFE-4A70-980C-0AECBF270221}.Debug|Any CPU.Build.0 = Debug|Any CPU
		{499712DD-4EFE-4A70-980C-0AECBF270221}.Release|Any CPU.ActiveCfg = Release|Any CPU
		{499712DD-4EFE-4A70-980C-0AECBF270221}.Release|Any CPU.Build.0 = Release|Any CPU
		{9B2B7E07-1C27-4B9B-9E2D-FBA8D12925E9}.Debug|Any CPU.ActiveCfg = Debug|Any CPU
		{9B2B7E07-1C27-4B9B-9E2D-FBA8D12925E9}.Debug|Any CPU.Build.0 = Debug|Any CPU
		{9B2B7E07-1C27-4B9B-9E2D-FBA8D12925E9}.Release|Any CPU.ActiveCfg = Release|Any CPU
		{9B2B7E07-1C27-4B9B-9E2D-FBA8D12925E9}.Release|Any CPU.Build.0 = Release|Any CPU
		{B79A04A6-0EA7-4037-B450-DC0DD554C2A1}.Debug|Any CPU.ActiveCfg = Debug|Any CPU
		{B79A04A6-0EA7-4037-B450-DC0DD554C2A1}.Debug|Any CPU.Build.0 = Debug|Any CPU
		{B79A04A6-0EA7-4037-B450-DC0DD554C2A1}.Release|Any CPU.ActiveCfg = Release|Any CPU
		{B79A04A6-0EA7-4037-B450-DC0DD554C2A1}.Release|Any CPU.Build.0 = Release|Any CPU
	EndGlobalSection
	GlobalSection(SolutionProperties) = preSolution
		HideSolutionNode = FALSE
	EndGlobalSection
	GlobalSection(ExtensibilityGlobals) = postSolution
		SolutionGuid = {BD503309-5E45-4675-8469-6F2D39089261}
	EndGlobalSection
EndGlobal
